
Microsoft Visual Studio Solution File, Format Version 12.00
# Visual Studio Version 17
VisualStudioVersion = 17.4.33110.190
MinimumVisualStudioVersion = 10.0.40219.1
Project("{FAE04EC0-301F-11D3-BF4B-00C04F79EFBC}") = "UserSample", "UserSample\UserSample.csproj", "{1E280412-DEE8-41B7-91D7-89ADF9C78257}"
EndProject
Project("{FAE04EC0-301F-11D3-BF4B-00C04F79EFBC}") = "UserSample.Test", "UserSample.Test\UserSample.Test.csproj", "{0FD0AC48-07B4-4636-B4F6-E917F62B6794}"
EndProject
Global
	GlobalSection(SolutionConfigurationPlatforms) = preSolution
		Debug|Any CPU = Debug|Any CPU
		Release|Any CPU = Release|Any CPU
	EndGlobalSection
	GlobalSection(ProjectConfigurationPlatforms) = postSolution
		{1E280412-DEE8-41B7-91D7-89ADF9C78257}.Debug|Any CPU.ActiveCfg = Debug|Any CPU
		{1E280412-DEE8-41B7-91D7-89ADF9C78257}.Debug|Any CPU.Build.0 = Debug|Any CPU
		{1E280412-DEE8-41B7-91D7-89ADF9C78257}.Release|Any CPU.ActiveCfg = Release|Any CPU
		{1E280412-DEE8-41B7-91D7-89ADF9C78257}.Release|Any CPU.Build.0 = Release|Any CPU
		{0FD0AC48-07B4-4636-B4F6-E917F62B6794}.Debug|Any CPU.ActiveCfg = Debug|Any CPU
		{0FD0AC48-07B4-4636-B4F6-E917F62B6794}.Debug|Any CPU.Build.0 = Debug|Any CPU
		{0FD0AC48-07B4-4636-B4F6-E917F62B6794}.Release|Any CPU.ActiveCfg = Release|Any CPU
		{0FD0AC48-07B4-4636-B4F6-E917F62B6794}.Release|Any CPU.Build.0 = Release|Any CPU
	EndGlobalSection
	GlobalSection(SolutionProperties) = preSolution
		HideSolutionNode = FALSE
	EndGlobalSection
	GlobalSection(ExtensibilityGlobals) = postSolution
		SolutionGuid = {EF6672C2-F3F5-41A0-B2B4-3F132896F7B2}
	EndGlobalSection
EndGlobal
